{
    "_readme": [
        "This file locks the dependencies of your project to a known state",
        "Read more about it at http://getcomposer.org/doc/01-basic-usage.md#composer-lock-the-lock-file"
    ],
    "hash": "ca5b345012373db635b006b7be8f927f",
    "packages": [
        {
            "name": "Telapi/telapi-php",
            "version": "dev-master",
            "source": {
                "type": "git",
                "url": "https://github.com/TelAPI/telapi-php.git",
                "reference": "master"
            },
            "type": "library",
            "time": "2013-03-29 18:45:15"
        }
    ],
    "packages-dev": [

    ],
    "aliases": [

    ],
    "minimum-stability": "stable",
    "stability-flags": {
        "telapi/telapi-php": 20
    },
    "platform": {
        "php": ">=5.3.3"
    },
    "platform-dev": [

    ]
}
